
Microsoft Visual Studio Solution File, Format Version 12.00
# Visual Studio Version 17
VisualStudioVersion = 17.0.31903.59
MinimumVisualStudioVersion = 10.0.40219.1
Project("{2150E333-8FDC-42A3-9474-1A3956D46DE8}") = "src", "src", "{294C6402-1767-4462-B939-61E9ED5CAECC}"
EndProject
Project("{FAE04EC0-301F-11D3-BF4B-00C04F79EFBC}") = "WitchCityRope.Core", "src\WitchCityRope.Core\WitchCityRope.Core.csproj", "{B389BC4E-2F72-4283-85BB-9C6E777B2667}"
EndProject
Project("{FAE04EC0-301F-11D3-BF4B-00C04F79EFBC}") = "WitchCityRope.Infrastructure", "src\WitchCityRope.Infrastructure\WitchCityRope.Infrastructure.csproj", "{E4C5D835-7EF3-42E3-BFC4-1509959A67B2}"
EndProject
Project("{2150E333-8FDC-42A3-9474-1A3956D46DE8}") = "tests", "tests", "{34389BA3-1C91-406A-B756-7D426FC685F5}"
EndProject
Project("{FAE04EC0-301F-11D3-BF4B-00C04F79EFBC}") = "WitchCityRope.Core.Tests", "tests\WitchCityRope.Core.Tests\WitchCityRope.Core.Tests.csproj", "{3769302F-BFE5-4D6E-A3DC-9E4E06B8FD03}"
EndProject
Project("{FAE04EC0-301F-11D3-BF4B-00C04F79EFBC}") = "WitchCityRope.Tests.Common", "tests\WitchCityRope.Tests.Common\WitchCityRope.Tests.Common.csproj", "{B77D8EDF-2172-4D40-9585-9554A20E73BD}"
EndProject
Project("{FAE04EC0-301F-11D3-BF4B-00C04F79EFBC}") = "WitchCityRope.Infrastructure.Tests", "tests\WitchCityRope.Infrastructure.Tests\WitchCityRope.Infrastructure.Tests.csproj", "{1D8F4B3C-2A56-4D89-B7F4-5C8E9A1B2D34}"
EndProject
Project("{FAE04EC0-301F-11D3-BF4B-00C04F79EFBC}") = "WitchCityRope.PerformanceTests", "tests\WitchCityRope.PerformanceTests\WitchCityRope.PerformanceTests.csproj", "{A1B2C3D4-E5F6-7890-ABCD-EF1234567890}"
EndProject
Project("{2150E333-8FDC-42A3-9474-1A3956D46DE8}") = "apps", "apps", "{1787FE1D-075E-9E68-7218-25F1BD1BBEAB}"
EndProject
Project("{2150E333-8FDC-42A3-9474-1A3956D46DE8}") = "api", "api", "{BC2D172B-13BC-136C-CDB1-4B1A687208C4}"
EndProject
Project("{FAE04EC0-301F-11D3-BF4B-00C04F79EFBC}") = "WitchCityRope.Api", "apps\api\WitchCityRope.Api.csproj", "{08B72858-E940-457A-8B9B-7DBD07AD23B1}"
EndProject
Global
	GlobalSection(SolutionConfigurationPlatforms) = preSolution
		Debug|Any CPU = Debug|Any CPU
		Debug|x64 = Debug|x64
		Debug|x86 = Debug|x86
		Release|Any CPU = Release|Any CPU
		Release|x64 = Release|x64
		Release|x86 = Release|x86
	EndGlobalSection
	GlobalSection(ProjectConfigurationPlatforms) = postSolution
		{B389BC4E-2F72-4283-85BB-9C6E777B2667}.Debug|Any CPU.ActiveCfg = Debug|Any CPU
		{B389BC4E-2F72-4283-85BB-9C6E777B2667}.Debug|Any CPU.Build.0 = Debug|Any CPU
		{B389BC4E-2F72-4283-85BB-9C6E777B2667}.Debug|x64.ActiveCfg = Debug|Any CPU
		{B389BC4E-2F72-4283-85BB-9C6E777B2667}.Debug|x64.Build.0 = Debug|Any CPU
		{B389BC4E-2F72-4283-85BB-9C6E777B2667}.Debug|x86.ActiveCfg = Debug|Any CPU
		{B389BC4E-2F72-4283-85BB-9C6E777B2667}.Debug|x86.Build.0 = Debug|Any CPU
		{B389BC4E-2F72-4283-85BB-9C6E777B2667}.Release|Any CPU.ActiveCfg = Release|Any CPU
		{B389BC4E-2F72-4283-85BB-9C6E777B2667}.Release|Any CPU.Build.0 = Release|Any CPU
		{B389BC4E-2F72-4283-85BB-9C6E777B2667}.Release|x64.ActiveCfg = Release|Any CPU
		{B389BC4E-2F72-4283-85BB-9C6E777B2667}.Release|x64.Build.0 = Release|Any CPU
		{B389BC4E-2F72-4283-85BB-9C6E777B2667}.Release|x86.ActiveCfg = Release|Any CPU
		{B389BC4E-2F72-4283-85BB-9C6E777B2667}.Release|x86.Build.0 = Release|Any CPU
		{E4C5D835-7EF3-42E3-BFC4-1509959A67B2}.Debug|Any CPU.ActiveCfg = Debug|Any CPU
		{E4C5D835-7EF3-42E3-BFC4-1509959A67B2}.Debug|Any CPU.Build.0 = Debug|Any CPU
		{E4C5D835-7EF3-42E3-BFC4-1509959A67B2}.Debug|x64.ActiveCfg = Debug|Any CPU
		{E4C5D835-7EF3-42E3-BFC4-1509959A67B2}.Debug|x64.Build.0 = Debug|Any CPU
		{E4C5D835-7EF3-42E3-BFC4-1509959A67B2}.Debug|x86.ActiveCfg = Debug|Any CPU
		{E4C5D835-7EF3-42E3-BFC4-1509959A67B2}.Debug|x86.Build.0 = Debug|Any CPU
		{E4C5D835-7EF3-42E3-BFC4-1509959A67B2}.Release|Any CPU.ActiveCfg = Release|Any CPU
		{E4C5D835-7EF3-42E3-BFC4-1509959A67B2}.Release|Any CPU.Build.0 = Release|Any CPU
		{E4C5D835-7EF3-42E3-BFC4-1509959A67B2}.Release|x64.ActiveCfg = Release|Any CPU
		{E4C5D835-7EF3-42E3-BFC4-1509959A67B2}.Release|x64.Build.0 = Release|Any CPU
		{E4C5D835-7EF3-42E3-BFC4-1509959A67B2}.Release|x86.ActiveCfg = Release|Any CPU
		{E4C5D835-7EF3-42E3-BFC4-1509959A67B2}.Release|x86.Build.0 = Release|Any CPU
		{3769302F-BFE5-4D6E-A3DC-9E4E06B8FD03}.Debug|Any CPU.ActiveCfg = Debug|Any CPU
		{3769302F-BFE5-4D6E-A3DC-9E4E06B8FD03}.Debug|Any CPU.Build.0 = Debug|Any CPU
		{3769302F-BFE5-4D6E-A3DC-9E4E06B8FD03}.Debug|x64.ActiveCfg = Debug|Any CPU
		{3769302F-BFE5-4D6E-A3DC-9E4E06B8FD03}.Debug|x64.Build.0 = Debug|Any CPU
		{3769302F-BFE5-4D6E-A3DC-9E4E06B8FD03}.Debug|x86.ActiveCfg = Debug|Any CPU
		{3769302F-BFE5-4D6E-A3DC-9E4E06B8FD03}.Debug|x86.Build.0 = Debug|Any CPU
		{3769302F-BFE5-4D6E-A3DC-9E4E06B8FD03}.Release|Any CPU.ActiveCfg = Release|Any CPU
		{3769302F-BFE5-4D6E-A3DC-9E4E06B8FD03}.Release|Any CPU.Build.0 = Release|Any CPU
		{3769302F-BFE5-4D6E-A3DC-9E4E06B8FD03}.Release|x64.ActiveCfg = Release|Any CPU
		{3769302F-BFE5-4D6E-A3DC-9E4E06B8FD03}.Release|x64.Build.0 = Release|Any CPU
		{3769302F-BFE5-4D6E-A3DC-9E4E06B8FD03}.Release|x86.ActiveCfg = Release|Any CPU
		{3769302F-BFE5-4D6E-A3DC-9E4E06B8FD03}.Release|x86.Build.0 = Release|Any CPU
		{B77D8EDF-2172-4D40-9585-9554A20E73BD}.Debug|Any CPU.ActiveCfg = Debug|Any CPU
		{B77D8EDF-2172-4D40-9585-9554A20E73BD}.Debug|Any CPU.Build.0 = Debug|Any CPU
		{B77D8EDF-2172-4D40-9585-9554A20E73BD}.Debug|x64.ActiveCfg = Debug|Any CPU
		{B77D8EDF-2172-4D40-9585-9554A20E73BD}.Debug|x64.Build.0 = Debug|Any CPU
		{B77D8EDF-2172-4D40-9585-9554A20E73BD}.Debug|x86.ActiveCfg = Debug|Any CPU
		{B77D8EDF-2172-4D40-9585-9554A20E73BD}.Debug|x86.Build.0 = Debug|Any CPU
		{B77D8EDF-2172-4D40-9585-9554A20E73BD}.Release|Any CPU.ActiveCfg = Release|Any CPU
		{B77D8EDF-2172-4D40-9585-9554A20E73BD}.Release|Any CPU.Build.0 = Release|Any CPU
		{B77D8EDF-2172-4D40-9585-9554A20E73BD}.Release|x64.ActiveCfg = Release|Any CPU
		{B77D8EDF-2172-4D40-9585-9554A20E73BD}.Release|x64.Build.0 = Release|Any CPU
		{B77D8EDF-2172-4D40-9585-9554A20E73BD}.Release|x86.ActiveCfg = Release|Any CPU
		{B77D8EDF-2172-4D40-9585-9554A20E73BD}.Release|x86.Build.0 = Release|Any CPU
		{1D8F4B3C-2A56-4D89-B7F4-5C8E9A1B2D34}.Debug|Any CPU.ActiveCfg = Debug|Any CPU
		{1D8F4B3C-2A56-4D89-B7F4-5C8E9A1B2D34}.Debug|Any CPU.Build.0 = Debug|Any CPU
		{1D8F4B3C-2A56-4D89-B7F4-5C8E9A1B2D34}.Debug|x64.ActiveCfg = Debug|Any CPU
		{1D8F4B3C-2A56-4D89-B7F4-5C8E9A1B2D34}.Debug|x64.Build.0 = Debug|Any CPU
		{1D8F4B3C-2A56-4D89-B7F4-5C8E9A1B2D34}.Debug|x86.ActiveCfg = Debug|Any CPU
		{1D8F4B3C-2A56-4D89-B7F4-5C8E9A1B2D34}.Debug|x86.Build.0 = Debug|Any CPU
		{1D8F4B3C-2A56-4D89-B7F4-5C8E9A1B2D34}.Release|Any CPU.ActiveCfg = Release|Any CPU
		{1D8F4B3C-2A56-4D89-B7F4-5C8E9A1B2D34}.Release|Any CPU.Build.0 = Release|Any CPU
		{1D8F4B3C-2A56-4D89-B7F4-5C8E9A1B2D34}.Release|x64.ActiveCfg = Release|Any CPU
		{1D8F4B3C-2A56-4D89-B7F4-5C8E9A1B2D34}.Release|x64.Build.0 = Release|Any CPU
		{1D8F4B3C-2A56-4D89-B7F4-5C8E9A1B2D34}.Release|x86.ActiveCfg = Release|Any CPU
		{1D8F4B3C-2A56-4D89-B7F4-5C8E9A1B2D34}.Release|x86.Build.0 = Release|Any CPU
		{A1B2C3D4-E5F6-7890-ABCD-EF1234567890}.Debug|Any CPU.ActiveCfg = Debug|Any CPU
		{A1B2C3D4-E5F6-7890-ABCD-EF1234567890}.Debug|Any CPU.Build.0 = Debug|Any CPU
		{A1B2C3D4-E5F6-7890-ABCD-EF1234567890}.Debug|x64.ActiveCfg = Debug|Any CPU
		{A1B2C3D4-E5F6-7890-ABCD-EF1234567890}.Debug|x64.Build.0 = Debug|Any CPU
		{A1B2C3D4-E5F6-7890-ABCD-EF1234567890}.Debug|x86.ActiveCfg = Debug|Any CPU
		{A1B2C3D4-E5F6-7890-ABCD-EF1234567890}.Debug|x86.Build.0 = Debug|Any CPU
		{A1B2C3D4-E5F6-7890-ABCD-EF1234567890}.Release|Any CPU.ActiveCfg = Release|Any CPU
		{A1B2C3D4-E5F6-7890-ABCD-EF1234567890}.Release|Any CPU.Build.0 = Release|Any CPU
		{A1B2C3D4-E5F6-7890-ABCD-EF1234567890}.Release|x64.ActiveCfg = Release|Any CPU
		{A1B2C3D4-E5F6-7890-ABCD-EF1234567890}.Release|x64.Build.0 = Release|Any CPU
		{A1B2C3D4-E5F6-7890-ABCD-EF1234567890}.Release|x86.ActiveCfg = Release|Any CPU
		{A1B2C3D4-E5F6-7890-ABCD-EF1234567890}.Release|x86.Build.0 = Release|Any CPU
		{08B72858-E940-457A-8B9B-7DBD07AD23B1}.Debug|Any CPU.ActiveCfg = Debug|Any CPU
		{08B72858-E940-457A-8B9B-7DBD07AD23B1}.Debug|Any CPU.Build.0 = Debug|Any CPU
		{08B72858-E940-457A-8B9B-7DBD07AD23B1}.Debug|x64.ActiveCfg = Debug|Any CPU
		{08B72858-E940-457A-8B9B-7DBD07AD23B1}.Debug|x64.Build.0 = Debug|Any CPU
		{08B72858-E940-457A-8B9B-7DBD07AD23B1}.Debug|x86.ActiveCfg = Debug|Any CPU
		{08B72858-E940-457A-8B9B-7DBD07AD23B1}.Debug|x86.Build.0 = Debug|Any CPU
		{08B72858-E940-457A-8B9B-7DBD07AD23B1}.Release|Any CPU.ActiveCfg = Release|Any CPU
		{08B72858-E940-457A-8B9B-7DBD07AD23B1}.Release|Any CPU.Build.0 = Release|Any CPU
		{08B72858-E940-457A-8B9B-7DBD07AD23B1}.Release|x64.ActiveCfg = Release|Any CPU
		{08B72858-E940-457A-8B9B-7DBD07AD23B1}.Release|x64.Build.0 = Release|Any CPU
		{08B72858-E940-457A-8B9B-7DBD07AD23B1}.Release|x86.ActiveCfg = Release|Any CPU
		{08B72858-E940-457A-8B9B-7DBD07AD23B1}.Release|x86.Build.0 = Release|Any CPU
	EndGlobalSection
	GlobalSection(SolutionProperties) = preSolution
		HideSolutionNode = FALSE
	EndGlobalSection
	GlobalSection(NestedProjects) = preSolution
		{B389BC4E-2F72-4283-85BB-9C6E777B2667} = {294C6402-1767-4462-B939-61E9ED5CAECC}
		{E4C5D835-7EF3-42E3-BFC4-1509959A67B2} = {294C6402-1767-4462-B939-61E9ED5CAECC}
		{3769302F-BFE5-4D6E-A3DC-9E4E06B8FD03} = {34389BA3-1C91-406A-B756-7D426FC685F5}
		{B77D8EDF-2172-4D40-9585-9554A20E73BD} = {34389BA3-1C91-406A-B756-7D426FC685F5}
		{1D8F4B3C-2A56-4D89-B7F4-5C8E9A1B2D34} = {34389BA3-1C91-406A-B756-7D426FC685F5}
		{A1B2C3D4-E5F6-7890-ABCD-EF1234567890} = {34389BA3-1C91-406A-B756-7D426FC685F5}
		{BC2D172B-13BC-136C-CDB1-4B1A687208C4} = {1787FE1D-075E-9E68-7218-25F1BD1BBEAB}
		{08B72858-E940-457A-8B9B-7DBD07AD23B1} = {BC2D172B-13BC-136C-CDB1-4B1A687208C4}
	EndGlobalSection
EndGlobal
